
Microsoft Visual Studio Solution File, Format Version 12.00
# Visual Studio Version 16
VisualStudioVersion = 16.0.31605.320
MinimumVisualStudioVersion = 10.0.40219.1
Project("{FAE04EC0-301F-11D3-BF4B-00C04F79EFBC}") = "StudentManage", "StudentManage\StudentManage.csproj", "{082D1E6B-498F-4AB3-822D-183E593E4809}"
EndProject
Global
	GlobalSection(SolutionConfigurationPlatforms) = preSolution
		Debug|Any CPU = Debug|Any CPU
		Release|Any CPU = Release|Any CPU
	EndGlobalSection
	GlobalSection(ProjectConfigurationPlatforms) = postSolution
		{082D1E6B-498F-4AB3-822D-183E593E4809}.Debug|Any CPU.ActiveCfg = Debug|Any CPU
		{082D1E6B-498F-4AB3-822D-183E593E4809}.Debug|Any CPU.Build.0 = Debug|Any CPU
		{082D1E6B-498F-4AB3-822D-183E593E4809}.Release|Any CPU.ActiveCfg = Release|Any CPU
		{082D1E6B-498F-4AB3-822D-183E593E4809}.Release|Any CPU.Build.0 = Release|Any CPU
	EndGlobalSection
	GlobalSection(SolutionProperties) = preSolution
		HideSolutionNode = FALSE
	EndGlobalSection
	GlobalSection(ExtensibilityGlobals) = postSolution
		SolutionGuid = {498B13C5-BB97-4FF8-B302-95EBE69602D9}
	EndGlobalSection
EndGlobal
